
Microsoft Visual Studio Solution File, Format Version 12.00
# Visual Studio Version 17
VisualStudioVersion = 17.10.34916.146
MinimumVisualStudioVersion = 10.0.40219.1
Project("{9A19103F-16F7-4668-BE54-9A1E7A4F7556}") = "AzureCosmosDBNoteApp", "AzureCosmosDBNoteApp.csproj", "{EF918C7C-22D6-4A09-9ADA-248D78E72795}"
EndProject
Project("{9A19103F-16F7-4668-BE54-9A1E7A4F7556}") = "CosmosDBPartialUpdateTypeConverter", "..\..\CosmosDBPartialUpdateTypeConverter\CosmosDBPartialUpdateTypeConverter.csproj", "{660C69CE-A073-4173-8DE5-4D35E976A7B2}"
EndProject
Project("{9A19103F-16F7-4668-BE54-9A1E7A4F7556}") = "Shared", "..\Shared\Shared.csproj", "{479BF0B6-0645-43B9-B35D-955F7429C9D4}"
EndProject
Project("{9A19103F-16F7-4668-BE54-9A1E7A4F7556}") = "ConsoleApp", "..\..\CosmosDBPartialUpdateTypeConverter\ConsoleApp\ConsoleApp.csproj", "{8DD2D75A-E96D-4143-9E74-2EF772C2F496}"
EndProject
Project("{FAE04EC0-301F-11D3-BF4B-00C04F79EFBC}") = "AzureCosomosDBNoteTestProject", "..\AzureCosomosDBNoteTestProject\AzureCosomosDBNoteTestProject.csproj", "{609A2704-77D2-4C83-BCD7-4867DB78975B}"
EndProject
Global
	GlobalSection(SolutionConfigurationPlatforms) = preSolution
		Debug|Any CPU = Debug|Any CPU
		Release|Any CPU = Release|Any CPU
	EndGlobalSection
	GlobalSection(ProjectConfigurationPlatforms) = postSolution
		{EF918C7C-22D6-4A09-9ADA-248D78E72795}.Debug|Any CPU.ActiveCfg = Debug|Any CPU
		{EF918C7C-22D6-4A09-9ADA-248D78E72795}.Debug|Any CPU.Build.0 = Debug|Any CPU
		{EF918C7C-22D6-4A09-9ADA-248D78E72795}.Release|Any CPU.ActiveCfg = Release|Any CPU
		{EF918C7C-22D6-4A09-9ADA-248D78E72795}.Release|Any CPU.Build.0 = Release|Any CPU
		{660C69CE-A073-4173-8DE5-4D35E976A7B2}.Debug|Any CPU.ActiveCfg = Debug|Any CPU
		{660C69CE-A073-4173-8DE5-4D35E976A7B2}.Debug|Any CPU.Build.0 = Debug|Any CPU
		{660C69CE-A073-4173-8DE5-4D35E976A7B2}.Release|Any CPU.ActiveCfg = Release|Any CPU
		{660C69CE-A073-4173-8DE5-4D35E976A7B2}.Release|Any CPU.Build.0 = Release|Any CPU
		{479BF0B6-0645-43B9-B35D-955F7429C9D4}.Debug|Any CPU.ActiveCfg = Debug|Any CPU
		{479BF0B6-0645-43B9-B35D-955F7429C9D4}.Debug|Any CPU.Build.0 = Debug|Any CPU
		{479BF0B6-0645-43B9-B35D-955F7429C9D4}.Release|Any CPU.ActiveCfg = Release|Any CPU
		{479BF0B6-0645-43B9-B35D-955F7429C9D4}.Release|Any CPU.Build.0 = Release|Any CPU
		{8DD2D75A-E96D-4143-9E74-2EF772C2F496}.Debug|Any CPU.ActiveCfg = Debug|Any CPU
		{8DD2D75A-E96D-4143-9E74-2EF772C2F496}.Debug|Any CPU.Build.0 = Debug|Any CPU
		{8DD2D75A-E96D-4143-9E74-2EF772C2F496}.Release|Any CPU.ActiveCfg = Release|Any CPU
		{8DD2D75A-E96D-4143-9E74-2EF772C2F496}.Release|Any CPU.Build.0 = Release|Any CPU
		{609A2704-77D2-4C83-BCD7-4867DB78975B}.Debug|Any CPU.ActiveCfg = Debug|Any CPU
		{609A2704-77D2-4C83-BCD7-4867DB78975B}.Debug|Any CPU.Build.0 = Debug|Any CPU
		{609A2704-77D2-4C83-BCD7-4867DB78975B}.Release|Any CPU.ActiveCfg = Release|Any CPU
		{609A2704-77D2-4C83-BCD7-4867DB78975B}.Release|Any CPU.Build.0 = Release|Any CPU
	EndGlobalSection
	GlobalSection(SolutionProperties) = preSolution
		HideSolutionNode = FALSE
	EndGlobalSection
	GlobalSection(ExtensibilityGlobals) = postSolution
		SolutionGuid = {2EE9C724-9A8F-402A-81F5-5765768802B5}
	EndGlobalSection
EndGlobal
